
Microsoft Visual Studio Solution File, Format Version 12.00
# Visual Studio 15
VisualStudioVersion = 15.0.26730.3
MinimumVisualStudioVersion = 10.0.40219.1
Project("{FAE04EC0-301F-11D3-BF4B-00C04F79EFBC}") = "CSLab1", "CSLab1\CSLab1.csproj", "{8F0C08CF-46FB-47FF-A56E-1FE6B9A20D3D}"
EndProject
Project("{FAE04EC0-301F-11D3-BF4B-00C04F79EFBC}") = "CSLab2", "CSLab2\CSLab2.csproj", "{E84B9880-7584-46EF-808F-8092497EE0CF}"
EndProject
Project("{FAE04EC0-301F-11D3-BF4B-00C04F79EFBC}") = "ClassLib", "ClassLib\ClassLib.csproj", "{9F183CD3-74C5-46B4-B4CE-BD6D4AF00EF1}"
EndProject
Global
	GlobalSection(SolutionConfigurationPlatforms) = preSolution
		Debug|Any CPU = Debug|Any CPU
		Release|Any CPU = Release|Any CPU
	EndGlobalSection
	GlobalSection(ProjectConfigurationPlatforms) = postSolution
		{8F0C08CF-46FB-47FF-A56E-1FE6B9A20D3D}.Debug|Any CPU.ActiveCfg = Debug|Any CPU
		{8F0C08CF-46FB-47FF-A56E-1FE6B9A20D3D}.Debug|Any CPU.Build.0 = Debug|Any CPU
		{8F0C08CF-46FB-47FF-A56E-1FE6B9A20D3D}.Release|Any CPU.ActiveCfg = Release|Any CPU
		{8F0C08CF-46FB-47FF-A56E-1FE6B9A20D3D}.Release|Any CPU.Build.0 = Release|Any CPU
		{E84B9880-7584-46EF-808F-8092497EE0CF}.Debug|Any CPU.ActiveCfg = Debug|Any CPU
		{E84B9880-7584-46EF-808F-8092497EE0CF}.Debug|Any CPU.Build.0 = Debug|Any CPU
		{E84B9880-7584-46EF-808F-8092497EE0CF}.Release|Any CPU.ActiveCfg = Release|Any CPU
		{E84B9880-7584-46EF-808F-8092497EE0CF}.Release|Any CPU.Build.0 = Release|Any CPU
		{9F183CD3-74C5-46B4-B4CE-BD6D4AF00EF1}.Debug|Any CPU.ActiveCfg = Debug|Any CPU
		{9F183CD3-74C5-46B4-B4CE-BD6D4AF00EF1}.Debug|Any CPU.Build.0 = Debug|Any CPU
		{9F183CD3-74C5-46B4-B4CE-BD6D4AF00EF1}.Release|Any CPU.ActiveCfg = Release|Any CPU
		{9F183CD3-74C5-46B4-B4CE-BD6D4AF00EF1}.Release|Any CPU.Build.0 = Release|Any CPU
	EndGlobalSection
	GlobalSection(SolutionProperties) = preSolution
		HideSolutionNode = FALSE
	EndGlobalSection
	GlobalSection(ExtensibilityGlobals) = postSolution
		SolutionGuid = {2E055285-AE4F-40D2-8445-0C287B1B80FE}
	EndGlobalSection
EndGlobal
