
Microsoft Visual Studio Solution File, Format Version 12.00
# Visual Studio 15
VisualStudioVersion = 15.0.27130.2036
MinimumVisualStudioVersion = 10.0.40219.1
Project("{9A19103F-16F7-4668-BE54-9A1E7A4F7556}") = "ClassLib", "CalcLib\ClassLib.csproj", "{723D0053-E3E6-4AC5-8812-56F0433DE412}"
EndProject
Project("{9A19103F-16F7-4668-BE54-9A1E7A4F7556}") = "CSLab1", "Lab1\CSLab1.csproj", "{21C82480-83E8-484E-ADFE-EB8998BB623C}"
EndProject
Project("{9A19103F-16F7-4668-BE54-9A1E7A4F7556}") = "CSLab2", "Lab2\CSLab2.csproj", "{0F78CB78-76E3-4223-9716-16020B4FCE5C}"
EndProject
Project("{9A19103F-16F7-4668-BE54-9A1E7A4F7556}") = "CSLab3Server", "CSLab3Server\CSLab3Server.csproj", "{25726834-D49E-4B28-B15A-D8B9ECA61641}"
EndProject
Project("{9A19103F-16F7-4668-BE54-9A1E7A4F7556}") = "CSLab3Client", "CSLab3Client\CSLab3Client.csproj", "{DEFF7DF7-D8A1-4F21-A14F-3BD5558F5A79}"
EndProject
Project("{FAE04EC0-301F-11D3-BF4B-00C04F79EFBC}") = "CSLab4Server", "CSLab4Server\CSLab4Server.csproj", "{C760CE85-8FDD-48A7-B23D-BDC1BA058303}"
EndProject
Project("{FAE04EC0-301F-11D3-BF4B-00C04F79EFBC}") = "CSLab4Client", "CSLab4Client\CSLab4Client.csproj", "{2AB70BE4-E452-4D7E-8F16-84CCCE0C59F6}"
EndProject
Global
	GlobalSection(SolutionConfigurationPlatforms) = preSolution
		Debug|Any CPU = Debug|Any CPU
		Debug|x86 = Debug|x86
		Release|Any CPU = Release|Any CPU
		Release|x86 = Release|x86
	EndGlobalSection
	GlobalSection(ProjectConfigurationPlatforms) = postSolution
		{723D0053-E3E6-4AC5-8812-56F0433DE412}.Debug|Any CPU.ActiveCfg = Debug|Any CPU
		{723D0053-E3E6-4AC5-8812-56F0433DE412}.Debug|Any CPU.Build.0 = Debug|Any CPU
		{723D0053-E3E6-4AC5-8812-56F0433DE412}.Debug|x86.ActiveCfg = Debug|x86
		{723D0053-E3E6-4AC5-8812-56F0433DE412}.Debug|x86.Build.0 = Debug|x86
		{723D0053-E3E6-4AC5-8812-56F0433DE412}.Release|Any CPU.ActiveCfg = Release|Any CPU
		{723D0053-E3E6-4AC5-8812-56F0433DE412}.Release|Any CPU.Build.0 = Release|Any CPU
		{723D0053-E3E6-4AC5-8812-56F0433DE412}.Release|x86.ActiveCfg = Release|x86
		{723D0053-E3E6-4AC5-8812-56F0433DE412}.Release|x86.Build.0 = Release|x86
		{21C82480-83E8-484E-ADFE-EB8998BB623C}.Debug|Any CPU.ActiveCfg = Debug|Any CPU
		{21C82480-83E8-484E-ADFE-EB8998BB623C}.Debug|Any CPU.Build.0 = Debug|Any CPU
		{21C82480-83E8-484E-ADFE-EB8998BB623C}.Debug|x86.ActiveCfg = Debug|x86
		{21C82480-83E8-484E-ADFE-EB8998BB623C}.Debug|x86.Build.0 = Debug|x86
		{21C82480-83E8-484E-ADFE-EB8998BB623C}.Release|Any CPU.ActiveCfg = Release|Any CPU
		{21C82480-83E8-484E-ADFE-EB8998BB623C}.Release|Any CPU.Build.0 = Release|Any CPU
		{21C82480-83E8-484E-ADFE-EB8998BB623C}.Release|x86.ActiveCfg = Release|x86
		{21C82480-83E8-484E-ADFE-EB8998BB623C}.Release|x86.Build.0 = Release|x86
		{0F78CB78-76E3-4223-9716-16020B4FCE5C}.Debug|Any CPU.ActiveCfg = Debug|Any CPU
		{0F78CB78-76E3-4223-9716-16020B4FCE5C}.Debug|Any CPU.Build.0 = Debug|Any CPU
		{0F78CB78-76E3-4223-9716-16020B4FCE5C}.Debug|x86.ActiveCfg = Debug|x86
		{0F78CB78-76E3-4223-9716-16020B4FCE5C}.Debug|x86.Build.0 = Debug|x86
		{0F78CB78-76E3-4223-9716-16020B4FCE5C}.Release|Any CPU.ActiveCfg = Release|Any CPU
		{0F78CB78-76E3-4223-9716-16020B4FCE5C}.Release|Any CPU.Build.0 = Release|Any CPU
		{0F78CB78-76E3-4223-9716-16020B4FCE5C}.Release|x86.ActiveCfg = Release|x86
		{0F78CB78-76E3-4223-9716-16020B4FCE5C}.Release|x86.Build.0 = Release|x86
		{25726834-D49E-4B28-B15A-D8B9ECA61641}.Debug|Any CPU.ActiveCfg = Debug|Any CPU
		{25726834-D49E-4B28-B15A-D8B9ECA61641}.Debug|Any CPU.Build.0 = Debug|Any CPU
		{25726834-D49E-4B28-B15A-D8B9ECA61641}.Debug|x86.ActiveCfg = Debug|x86
		{25726834-D49E-4B28-B15A-D8B9ECA61641}.Debug|x86.Build.0 = Debug|x86
		{25726834-D49E-4B28-B15A-D8B9ECA61641}.Release|Any CPU.ActiveCfg = Release|Any CPU
		{25726834-D49E-4B28-B15A-D8B9ECA61641}.Release|Any CPU.Build.0 = Release|Any CPU
		{25726834-D49E-4B28-B15A-D8B9ECA61641}.Release|x86.ActiveCfg = Release|x86
		{25726834-D49E-4B28-B15A-D8B9ECA61641}.Release|x86.Build.0 = Release|x86
		{DEFF7DF7-D8A1-4F21-A14F-3BD5558F5A79}.Debug|Any CPU.ActiveCfg = Debug|Any CPU
		{DEFF7DF7-D8A1-4F21-A14F-3BD5558F5A79}.Debug|Any CPU.Build.0 = Debug|Any CPU
		{DEFF7DF7-D8A1-4F21-A14F-3BD5558F5A79}.Debug|x86.ActiveCfg = Debug|x86
		{DEFF7DF7-D8A1-4F21-A14F-3BD5558F5A79}.Debug|x86.Build.0 = Debug|x86
		{DEFF7DF7-D8A1-4F21-A14F-3BD5558F5A79}.Release|Any CPU.ActiveCfg = Release|Any CPU
		{DEFF7DF7-D8A1-4F21-A14F-3BD5558F5A79}.Release|Any CPU.Build.0 = Release|Any CPU
		{DEFF7DF7-D8A1-4F21-A14F-3BD5558F5A79}.Release|x86.ActiveCfg = Release|x86
		{DEFF7DF7-D8A1-4F21-A14F-3BD5558F5A79}.Release|x86.Build.0 = Release|x86
		{C760CE85-8FDD-48A7-B23D-BDC1BA058303}.Debug|Any CPU.ActiveCfg = Debug|Any CPU
		{C760CE85-8FDD-48A7-B23D-BDC1BA058303}.Debug|Any CPU.Build.0 = Debug|Any CPU
		{C760CE85-8FDD-48A7-B23D-BDC1BA058303}.Debug|x86.ActiveCfg = Debug|Any CPU
		{C760CE85-8FDD-48A7-B23D-BDC1BA058303}.Debug|x86.Build.0 = Debug|Any CPU
		{C760CE85-8FDD-48A7-B23D-BDC1BA058303}.Release|Any CPU.ActiveCfg = Release|Any CPU
		{C760CE85-8FDD-48A7-B23D-BDC1BA058303}.Release|Any CPU.Build.0 = Release|Any CPU
		{C760CE85-8FDD-48A7-B23D-BDC1BA058303}.Release|x86.ActiveCfg = Release|Any CPU
		{C760CE85-8FDD-48A7-B23D-BDC1BA058303}.Release|x86.Build.0 = Release|Any CPU
		{2AB70BE4-E452-4D7E-8F16-84CCCE0C59F6}.Debug|Any CPU.ActiveCfg = Debug|Any CPU
		{2AB70BE4-E452-4D7E-8F16-84CCCE0C59F6}.Debug|Any CPU.Build.0 = Debug|Any CPU
		{2AB70BE4-E452-4D7E-8F16-84CCCE0C59F6}.Debug|x86.ActiveCfg = Debug|Any CPU
		{2AB70BE4-E452-4D7E-8F16-84CCCE0C59F6}.Debug|x86.Build.0 = Debug|Any CPU
		{2AB70BE4-E452-4D7E-8F16-84CCCE0C59F6}.Release|Any CPU.ActiveCfg = Release|Any CPU
		{2AB70BE4-E452-4D7E-8F16-84CCCE0C59F6}.Release|Any CPU.Build.0 = Release|Any CPU
		{2AB70BE4-E452-4D7E-8F16-84CCCE0C59F6}.Release|x86.ActiveCfg = Release|Any CPU
		{2AB70BE4-E452-4D7E-8F16-84CCCE0C59F6}.Release|x86.Build.0 = Release|Any CPU
	EndGlobalSection
	GlobalSection(SolutionProperties) = preSolution
		HideSolutionNode = FALSE
	EndGlobalSection
	GlobalSection(ExtensibilityGlobals) = postSolution
		SolutionGuid = {2E055285-AE4F-40D2-8445-0C287B1B80FE}
	EndGlobalSection
EndGlobal
